
Microsoft Visual Studio Solution File, Format Version 12.00
# Visual Studio Version 17
VisualStudioVersion = 17.2.32616.157
MinimumVisualStudioVersion = 10.0.40219.1
Project("{FAE04EC0-301F-11D3-BF4B-00C04F79EFBC}") = "ConsoleApp15", "ConsoleApp15.csproj", "{8DCF766D-86ED-4E1F-BF5F-D87E4C8D2EA8}"
EndProject
Global
	GlobalSection(SolutionConfigurationPlatforms) = preSolution
		Debug|Any CPU = Debug|Any CPU
		Release|Any CPU = Release|Any CPU
	EndGlobalSection
	GlobalSection(ProjectConfigurationPlatforms) = postSolution
		{8DCF766D-86ED-4E1F-BF5F-D87E4C8D2EA8}.Debug|Any CPU.ActiveCfg = Debug|Any CPU
		{8DCF766D-86ED-4E1F-BF5F-D87E4C8D2EA8}.Debug|Any CPU.Build.0 = Debug|Any CPU
		{8DCF766D-86ED-4E1F-BF5F-D87E4C8D2EA8}.Release|Any CPU.ActiveCfg = Release|Any CPU
		{8DCF766D-86ED-4E1F-BF5F-D87E4C8D2EA8}.Release|Any CPU.Build.0 = Release|Any CPU
	EndGlobalSection
	GlobalSection(SolutionProperties) = preSolution
		HideSolutionNode = FALSE
	EndGlobalSection
	GlobalSection(ExtensibilityGlobals) = postSolution
		SolutionGuid = {EAE8746B-C0DD-4587-A5E3-65D55D991738}
	EndGlobalSection
EndGlobal
